
Microsoft Visual Studio Solution File, Format Version 12.00
# Visual Studio Version 17
VisualStudioVersion = 17.3.32901.215
MinimumVisualStudioVersion = 10.0.40219.1
Project("{FAE04EC0-301F-11D3-BF4B-00C04F79EFBC}") = "Throwaway", "Throwaway.csproj", "{B994DB67-16CF-48F0-B84A-0160E37B250C}"
EndProject
Global
	GlobalSection(SolutionConfigurationPlatforms) = preSolution
		Debug|Any CPU = Debug|Any CPU
		Release|Any CPU = Release|Any CPU
	EndGlobalSection
	GlobalSection(ProjectConfigurationPlatforms) = postSolution
		{B994DB67-16CF-48F0-B84A-0160E37B250C}.Debug|Any CPU.ActiveCfg = Debug|Any CPU
		{B994DB67-16CF-48F0-B84A-0160E37B250C}.Debug|Any CPU.Build.0 = Debug|Any CPU
		{B994DB67-16CF-48F0-B84A-0160E37B250C}.Release|Any CPU.ActiveCfg = Release|Any CPU
		{B994DB67-16CF-48F0-B84A-0160E37B250C}.Release|Any CPU.Build.0 = Release|Any CPU
	EndGlobalSection
	GlobalSection(SolutionProperties) = preSolution
		HideSolutionNode = FALSE
	EndGlobalSection
	GlobalSection(ExtensibilityGlobals) = postSolution
		SolutionGuid = {22DE6F62-1629-48EF-BF11-B5511EE7EB91}
	EndGlobalSection
EndGlobal
